github.com/creack/pty v1.1.9/go.mod h1:oKZEueFk5CKHvIhNR5MUki03XCEU+Q6VDXinZuGJ33E=
github.com/davecgh/go-spew v1.1.1 h1:vj9j/u1bqnvCEfJOwUhtlOARqs3+rkHYY13jYWTU97c=
github.com/davecgh/go-spew v1.1.1/go.mod h1:J7Y8YcW2NihsgmVo/mv3lAwl/skON4iLHjSsI+c5H38=
github.com/kr/pretty v0.3.1 h1:flRD4NNwYAUpkphVc1HcthR4KEIFJ65n8Mw5qdRn3LE=
github.com/kr/pretty v0.3.1/go.mod h1:hoEshYVHaxMs3cyo3Yncou5ZscifuDolrwPKZanG3xk=
github.com/kr/text v0.2.0 h1:5Nx0Ya0ZqY2ygV366QzturHI13Jq95ApcVaJBhpS+AY=
github.com/kr/text v0.2.0/go.mod h1:eLer722TekiGuMkidMxC/pM04lWEeraHUUmBw8l2grE=
github.com/nikandfor/assert v0.0.0-20250208223913-42cd31113068 h1:GD6wm/1tToIe9ROp1HnmkBf0+aWzKwKAXUKiy3ewb6Q=
github.com/nikandfor/assert v0.0.0-20250208223913-42cd31113068/go.mod h1:NjvpnH0LVen4Lg8JTGIgAy9vu/jOkR75HJviQp199iw=
github.com/pmezard/go-difflib v1.0.0 h1:4DBwDE0NGyQoBHbLQYPwSUPoCMWR5BEzIk/f1lZbAQM=
github.com/pmezard/go-difflib v1.0.0/go.mod h1:iKH77koFhYxTK1pcRnkKkqfTogsbg7gZNVY4sRDYZ/4=
github.com/rogpeppe/go-internal v1.14.1 h1:UQB4HGPB6osV0SQTLymcB4TgvyWu6ZyliaW0tI/otEQ=
github.com/rogpeppe/go-internal v1.14.1/go.mod h1:MaRKkUm5W0goXpeCfT7UZI6fk/L7L7so1lCWt35ZSgc=
github.com/stretchr/testify v1.10.0 h1:Xv5erBjTwe/5IxqUQTdXv5kgmIvbHo3QQyRwhJsOfJA=
github.com/stretchr/testify v1.10.0/go.mod h1:r2ic/lqez/lEtzL7wO/rwa5dbSLXVDPFyf8C91i36aY=
golang.org/x/exp v0.0.0-20250408133849-7e4ce0ab07d0 h1:R84qjqJb5nVJMxqWYb3np9L5ZsaDtB+a39EqjV0JSUM=
golang.org/x/exp v0.0.0-20250408133849-7e4ce0ab07d0/go.mod h1:S9Xr4PYopiDyqSyp5NjCrhFrqg6A5zA2E/iPHPhqnS8=
golang.org/x/sys v0.39.0 h1:CvCKL8MeisomCi6qNZ+wbb0DN9E5AATixKsvNtMoMFk=
golang.org/x/sys v0.39.0/go.mod h1:OgkHotnGiDImocRcuBABYBEXf8A9a87e/uXjp9XT3ks=
golang.org/x/term v0.38.0 h1:PQ5pkm/rLO6HnxFR7N2lJHOZX6Kez5Y1gDSJla6jo7Q=
golang.org/x/term v0.38.0/go.mod h1:bSEAKrOT1W+VSu9TSCMtoGEOUcKxOKgl3LE5QEF/xVg=
gopkg.in/check.v1 v0.0.0-20161208181325-20d25e280405/go.mod h1:Co6ibVJAznAaIkqp8huTwlJQCZ016jof/cbN4VW5Yz0=
gopkg.in/check.v1 v1.0.0-20201130134442-10cb98267c6c h1:Hei/4ADfdWqJk1ZMxUNpqntNwaWcugrBjAiHlqqRiVk=
gopkg.in/check.v1 v1.0.0-20201130134442-10cb98267c6c/go.mod h1:JHkPIbrfpd72SG/EVd6muEfDQjcINNoR0C8j2r3qZ4Q=
gopkg.in/yaml.v3 v3.0.1 h1:fxVm/GzAzEWqLHuvctI91KS9hhNmmWOoWu0XTYJS7CA=
gopkg.in/yaml.v3 v3.0.1/go.mod h1:K4uyk7z7BCEPqu6E+C64Yfv1cQ7kz7rIZviUmN+EgEM=
nikand.dev/go/cbor v0.0.0-20260409133519-40e912daa897 h1:Zswh8oA0QG/uUJ167Vi4CyFmdvV9ZUjpFqL7n5rSQmM=
nikand.dev/go/cbor v0.0.0-20260409133519-40e912daa897/go.mod h1:KU6mV3VAVKdPXXlzE9BtpUaVtV+Z/N/jFEeC5jXMkDg=
nikand.dev/go/hacked v0.0.0-20250913095209-07820a7901d9 h1:Dj0zCKPD34lnQJCBBZjNXmGVL/6wQp1LIJSffurwaEA=
nikand.dev/go/hacked v0.0.0-20250913095209-07820a7901d9/go.mod h1:3/xzwKPKrKRkfShFa8jMa27vTMHQRqzgrkF6L1cdrJw=
tlog.app/go/eazy v0.4.2 h1:Pa///lJlpkUUaApgI2A5xwtB+DnFG6ENDOtrRHDJsNk=
tlog.app/go/eazy v0.4.2/go.mod h1:qk9DSaqsW9Kn4TXRxQn3VZrqmlvrTBSk753g0RQMUy0=
tlog.app/go/errors v0.20.0 h1:zStmXJ2H5eZjwzYhrbB/I0/y8Zrt2HBgT6Q0H54fp3E=
tlog.app/go/errors v0.20.0/go.mod h1:HHEUxH8WD/xw+zA3nGfDTjf2bk7DeyOXSfPPrRdpe6Q=
tlog.app/go/loc v0.7.2 h1:vm7ni7uE8LjKrRQHumslljjF2qTMely37DKadngAgO0=
tlog.app/go/loc v0.7.2/go.mod h1:j4SIBNrXEK6Hqy/smwt3oRrHfMoSDI6Kg/Jf0GUHWCI=
