github.com/creack/pty v1.1.9/go.mod h1:oKZEueFk5CKHvIhNR5MUki03XCEU+Q6VDXinZuGJ33E=
github.com/davecgh/go-spew v1.1.1 h1:vj9j/u1bqnvCEfJOwUhtlOARqs3+rkHYY13jYWTU97c=
github.com/davecgh/go-spew v1.1.1/go.mod h1:J7Y8YcW2NihsgmVo/mv3lAwl/skON4iLHjSsI+c5H38=
github.com/kr/pretty v0.3.1 h1:flRD4NNwYAUpkphVc1HcthR4KEIFJ65n8Mw5qdRn3LE=
github.com/kr/pretty v0.3.1/go.mod h1:hoEshYVHaxMs3cyo3Yncou5ZscifuDolrwPKZanG3xk=
github.com/kr/text v0.2.0 h1:5Nx0Ya0ZqY2ygV366QzturHI13Jq95ApcVaJBhpS+AY=
github.com/kr/text v0.2.0/go.mod h1:eLer722TekiGuMkidMxC/pM04lWEeraHUUmBw8l2grE=
github.com/nikandfor/assert v0.0.0-20231112165957-bf2ce0a3555a h1:kfWXcMBBo4miKSEkBdykaewNke3q6OsC0H2B+rrV3sk=
github.com/nikandfor/assert v0.0.0-20231112165957-bf2ce0a3555a/go.mod h1:o5mv0EDPOwFg4wMtoDY75IuMm5jG3AFygOcdo+mT3sg=
github.com/pmezard/go-difflib v1.0.0 h1:4DBwDE0NGyQoBHbLQYPwSUPoCMWR5BEzIk/f1lZbAQM=
github.com/pmezard/go-difflib v1.0.0/go.mod h1:iKH77koFhYxTK1pcRnkKkqfTogsbg7gZNVY4sRDYZ/4=
github.com/rogpeppe/go-internal v1.11.0 h1:cWPaGQEPrBb5/AsnsZesgZZ9yb1OQ+GOISoDNXVBh4M=
github.com/rogpeppe/go-internal v1.11.0/go.mod h1:ddIwULY96R17DhadqLgMfk9H9tvdUzkipdSkR5nkCZA=
github.com/stretchr/testify v1.10.0 h1:Xv5erBjTwe/5IxqUQTdXv5kgmIvbHo3QQyRwhJsOfJA=
github.com/stretchr/testify v1.10.0/go.mod h1:r2ic/lqez/lEtzL7wO/rwa5dbSLXVDPFyf8C91i36aY=
golang.org/x/exp v0.0.0-20230522175609-2e198f4a06a1 h1:k/i9J1pBpvlfR+9QsetwPyERsqu1GIbi967PQMq3Ivc=
golang.org/x/exp v0.0.0-20230522175609-2e198f4a06a1/go.mod h1:V1LtkGg67GoY2N1AnLN78QLrzxkLyJw7RJb1gzOOz9w=
golang.org/x/sys v0.30.0 h1:QjkSwP/36a20jFYWkSue1YwXzLmsV5Gfq7Eiy72C1uc=
golang.org/x/sys v0.30.0/go.mod h1:/VUhepiaJMQUp4+oa/7Zr1D23ma6VTLIYjOOTFZPUcA=
golang.org/x/term v0.29.0 h1:L6pJp37ocefwRRtYPKSWOWzOtWSxVajvz2ldH/xi3iU=
golang.org/x/term v0.29.0/go.mod h1:6bl4lRlvVuDgSf3179VpIxBF0o10JUpXWOnI7nErv7s=
gopkg.in/check.v1 v0.0.0-20161208181325-20d25e280405/go.mod h1:Co6ibVJAznAaIkqp8huTwlJQCZ016jof/cbN4VW5Yz0=
gopkg.in/check.v1 v1.0.0-20201130134442-10cb98267c6c h1:Hei/4ADfdWqJk1ZMxUNpqntNwaWcugrBjAiHlqqRiVk=
gopkg.in/check.v1 v1.0.0-20201130134442-10cb98267c6c/go.mod h1:JHkPIbrfpd72SG/EVd6muEfDQjcINNoR0C8j2r3qZ4Q=
gopkg.in/yaml.v3 v3.0.1 h1:fxVm/GzAzEWqLHuvctI91KS9hhNmmWOoWu0XTYJS7CA=
gopkg.in/yaml.v3 v3.0.1/go.mod h1:K4uyk7z7BCEPqu6E+C64Yfv1cQ7kz7rIZviUmN+EgEM=
nikand.dev/go/cbor v0.0.0-20250217185914-a319e53bb3df h1:VwrpIfkj/Q1xD2lzxfzf6HA1NqfBcDFu/jGiLOesWvQ=
nikand.dev/go/cbor v0.0.0-20250217185914-a319e53bb3df/go.mod h1:KU6mV3VAVKdPXXlzE9BtpUaVtV+Z/N/jFEeC5jXMkDg=
nikand.dev/go/hacked v0.0.0-20250303011940-bcd287f6db83 h1:9W6JKr4hAg2OuJoFYiMtRUwcLPwrW+I+YrMVk+Uh8VQ=
nikand.dev/go/hacked v0.0.0-20250303011940-bcd287f6db83/go.mod h1:3/xzwKPKrKRkfShFa8jMa27vTMHQRqzgrkF6L1cdrJw=
tlog.app/go/eazy v0.4.2 h1:Pa///lJlpkUUaApgI2A5xwtB+DnFG6ENDOtrRHDJsNk=
tlog.app/go/eazy v0.4.2/go.mod h1:qk9DSaqsW9Kn4TXRxQn3VZrqmlvrTBSk753g0RQMUy0=
tlog.app/go/errors v0.20.0 h1:zStmXJ2H5eZjwzYhrbB/I0/y8Zrt2HBgT6Q0H54fp3E=
tlog.app/go/errors v0.20.0/go.mod h1:HHEUxH8WD/xw+zA3nGfDTjf2bk7DeyOXSfPPrRdpe6Q=
tlog.app/go/loc v0.7.0 h1:G7JnaqgggmTwu87hhMsy+tLd4XxwOS9PPYfJEDTr+Kk=
tlog.app/go/loc v0.7.0/go.mod h1:j4SIBNrXEK6Hqy/smwt3oRrHfMoSDI6Kg/Jf0GUHWCI=
